
Microsoft Visual Studio Solution File, Format Version 12.00
# Visual Studio Version 17
VisualStudioVersion = 17.9.34728.123
MinimumVisualStudioVersion = 10.0.40219.1
Project("{FAE04EC0-301F-11D3-BF4B-00C04F79EFBC}") = "P01-Student System", "P01-Student System\P01-Student System.csproj", "{008749AD-2071-45AE-B785-90813A027298}"
EndProject
Global
	GlobalSection(SolutionConfigurationPlatforms) = preSolution
		Debug|Any CPU = Debug|Any CPU
		Release|Any CPU = Release|Any CPU
	EndGlobalSection
	GlobalSection(ProjectConfigurationPlatforms) = postSolution
		{008749AD-2071-45AE-B785-90813A027298}.Debug|Any CPU.ActiveCfg = Debug|Any CPU
		{008749AD-2071-45AE-B785-90813A027298}.Debug|Any CPU.Build.0 = Debug|Any CPU
		{008749AD-2071-45AE-B785-90813A027298}.Release|Any CPU.ActiveCfg = Release|Any CPU
		{008749AD-2071-45AE-B785-90813A027298}.Release|Any CPU.Build.0 = Release|Any CPU
	EndGlobalSection
	GlobalSection(SolutionProperties) = preSolution
		HideSolutionNode = FALSE
	EndGlobalSection
	GlobalSection(ExtensibilityGlobals) = postSolution
		SolutionGuid = {005F9F10-004E-4A12-8588-AD170D42B4AE}
	EndGlobalSection
EndGlobal
